
Microsoft Visual Studio Solution File, Format Version 12.00
# Visual Studio Version 17
VisualStudioVersion = 17.0.32126.317
MinimumVisualStudioVersion = 10.0.40219.1
Project("{9A19103F-16F7-4668-BE54-9A1E7A4F7556}") = "Pojo", "Pojo\Pojo.csproj", "{46F552B8-14E5-4201-9698-B569DEE042FD}"
EndProject
Project("{FAE04EC0-301F-11D3-BF4B-00C04F79EFBC}") = "Dal", "Dal\Dal.csproj", "{383C89F5-A9F6-4FC2-B983-7F2F7F2C8FEA}"
EndProject
Project("{FAE04EC0-301F-11D3-BF4B-00C04F79EFBC}") = "Bll", "Bll\Bll.csproj", "{EF417ADE-1836-4FCE-BA38-EEA7D744008B}"
EndProject
Project("{FAE04EC0-301F-11D3-BF4B-00C04F79EFBC}") = "Banda", "Banda\Banda.csproj", "{153A26EA-631E-4FAC-BF4E-80F70623F176}"
EndProject
Global
	GlobalSection(SolutionConfigurationPlatforms) = preSolution
		Debug|Any CPU = Debug|Any CPU
		Release|Any CPU = Release|Any CPU
	EndGlobalSection
	GlobalSection(ProjectConfigurationPlatforms) = postSolution
		{46F552B8-14E5-4201-9698-B569DEE042FD}.Debug|Any CPU.ActiveCfg = Debug|Any CPU
		{46F552B8-14E5-4201-9698-B569DEE042FD}.Debug|Any CPU.Build.0 = Debug|Any CPU
		{46F552B8-14E5-4201-9698-B569DEE042FD}.Release|Any CPU.ActiveCfg = Release|Any CPU
		{46F552B8-14E5-4201-9698-B569DEE042FD}.Release|Any CPU.Build.0 = Release|Any CPU
		{383C89F5-A9F6-4FC2-B983-7F2F7F2C8FEA}.Debug|Any CPU.ActiveCfg = Debug|Any CPU
		{383C89F5-A9F6-4FC2-B983-7F2F7F2C8FEA}.Debug|Any CPU.Build.0 = Debug|Any CPU
		{383C89F5-A9F6-4FC2-B983-7F2F7F2C8FEA}.Release|Any CPU.ActiveCfg = Release|Any CPU
		{383C89F5-A9F6-4FC2-B983-7F2F7F2C8FEA}.Release|Any CPU.Build.0 = Release|Any CPU
		{EF417ADE-1836-4FCE-BA38-EEA7D744008B}.Debug|Any CPU.ActiveCfg = Debug|Any CPU
		{EF417ADE-1836-4FCE-BA38-EEA7D744008B}.Debug|Any CPU.Build.0 = Debug|Any CPU
		{EF417ADE-1836-4FCE-BA38-EEA7D744008B}.Release|Any CPU.ActiveCfg = Release|Any CPU
		{EF417ADE-1836-4FCE-BA38-EEA7D744008B}.Release|Any CPU.Build.0 = Release|Any CPU
		{153A26EA-631E-4FAC-BF4E-80F70623F176}.Debug|Any CPU.ActiveCfg = Debug|Any CPU
		{153A26EA-631E-4FAC-BF4E-80F70623F176}.Debug|Any CPU.Build.0 = Debug|Any CPU
		{153A26EA-631E-4FAC-BF4E-80F70623F176}.Release|Any CPU.ActiveCfg = Release|Any CPU
		{153A26EA-631E-4FAC-BF4E-80F70623F176}.Release|Any CPU.Build.0 = Release|Any CPU
	EndGlobalSection
	GlobalSection(SolutionProperties) = preSolution
		HideSolutionNode = FALSE
	EndGlobalSection
	GlobalSection(ExtensibilityGlobals) = postSolution
		SolutionGuid = {7AA9203C-089C-4F5D-AEE0-EC2A3B28D7B9}
	EndGlobalSection
EndGlobal
